
Microsoft Visual Studio Solution File, Format Version 12.00
# Visual Studio Version 17
VisualStudioVersion = 17.3.32929.385
MinimumVisualStudioVersion = 10.0.40219.1
Project("{FAE04EC0-301F-11D3-BF4B-00C04F79EFBC}") = "ChessGallery", "ChessGallery.csproj", "{199EECCC-1AC9-45CE-924E-7AD1FB1B4DAE}"
EndProject
Project("{FAE04EC0-301F-11D3-BF4B-00C04F79EFBC}") = "ChessBoardConsoleApp", "..\ChessBoardConsoleApp\ChessBoardConsoleApp.csproj", "{BFAFA5CC-172D-4DA1-90C1-4982C6A98EA1}"
EndProject
Project("{FAE04EC0-301F-11D3-BF4B-00C04F79EFBC}") = "ChessBoardModel", "..\ChessBoardModel\ChessBoardModel.csproj", "{80E04ECD-8266-4D8F-9900-9637DC04B508}"
EndProject
Global
	GlobalSection(SolutionConfigurationPlatforms) = preSolution
		Debug|Any CPU = Debug|Any CPU
		Release|Any CPU = Release|Any CPU
	EndGlobalSection
	GlobalSection(ProjectConfigurationPlatforms) = postSolution
		{199EECCC-1AC9-45CE-924E-7AD1FB1B4DAE}.Debug|Any CPU.ActiveCfg = Debug|Any CPU
		{199EECCC-1AC9-45CE-924E-7AD1FB1B4DAE}.Debug|Any CPU.Build.0 = Debug|Any CPU
		{199EECCC-1AC9-45CE-924E-7AD1FB1B4DAE}.Release|Any CPU.ActiveCfg = Release|Any CPU
		{199EECCC-1AC9-45CE-924E-7AD1FB1B4DAE}.Release|Any CPU.Build.0 = Release|Any CPU
		{BFAFA5CC-172D-4DA1-90C1-4982C6A98EA1}.Debug|Any CPU.ActiveCfg = Debug|Any CPU
		{BFAFA5CC-172D-4DA1-90C1-4982C6A98EA1}.Debug|Any CPU.Build.0 = Debug|Any CPU
		{BFAFA5CC-172D-4DA1-90C1-4982C6A98EA1}.Release|Any CPU.ActiveCfg = Release|Any CPU
		{BFAFA5CC-172D-4DA1-90C1-4982C6A98EA1}.Release|Any CPU.Build.0 = Release|Any CPU
		{80E04ECD-8266-4D8F-9900-9637DC04B508}.Debug|Any CPU.ActiveCfg = Debug|Any CPU
		{80E04ECD-8266-4D8F-9900-9637DC04B508}.Debug|Any CPU.Build.0 = Debug|Any CPU
		{80E04ECD-8266-4D8F-9900-9637DC04B508}.Release|Any CPU.ActiveCfg = Release|Any CPU
		{80E04ECD-8266-4D8F-9900-9637DC04B508}.Release|Any CPU.Build.0 = Release|Any CPU
	EndGlobalSection
	GlobalSection(SolutionProperties) = preSolution
		HideSolutionNode = FALSE
	EndGlobalSection
	GlobalSection(ExtensibilityGlobals) = postSolution
		SolutionGuid = {849492B0-6A0E-4F89-84F7-7B96C2FD0E66}
	EndGlobalSection
EndGlobal
