
Microsoft Visual Studio Solution File, Format Version 12.00
# Visual Studio Version 17
VisualStudioVersion = 17.3.32929.385
MinimumVisualStudioVersion = 10.0.40219.1
Project("{9A19103F-16F7-4668-BE54-9A1E7A4F7556}") = "ChessBoardModel", "ChessBoardModel.csproj", "{ECEE9862-9E1C-4D6E-8522-54F7DA480297}"
EndProject
Global
	GlobalSection(SolutionConfigurationPlatforms) = preSolution
		Debug|Any CPU = Debug|Any CPU
		Release|Any CPU = Release|Any CPU
	EndGlobalSection
	GlobalSection(ProjectConfigurationPlatforms) = postSolution
		{ECEE9862-9E1C-4D6E-8522-54F7DA480297}.Debug|Any CPU.ActiveCfg = Debug|Any CPU
		{ECEE9862-9E1C-4D6E-8522-54F7DA480297}.Debug|Any CPU.Build.0 = Debug|Any CPU
		{ECEE9862-9E1C-4D6E-8522-54F7DA480297}.Release|Any CPU.ActiveCfg = Release|Any CPU
		{ECEE9862-9E1C-4D6E-8522-54F7DA480297}.Release|Any CPU.Build.0 = Release|Any CPU
	EndGlobalSection
	GlobalSection(SolutionProperties) = preSolution
		HideSolutionNode = FALSE
	EndGlobalSection
	GlobalSection(ExtensibilityGlobals) = postSolution
		SolutionGuid = {E44BBF8B-378F-4C55-8A62-731250C18BC3}
	EndGlobalSection
EndGlobal
